
Microsoft Visual Studio Solution File, Format Version 12.00
# Visual Studio Version 16
VisualStudioVersion = 16.0.31129.286
MinimumVisualStudioVersion = 10.0.40219.1
Project("{FAE04EC0-301F-11D3-BF4B-00C04F79EFBC}") = "Fraction", "Fraction.csproj", "{058C6A62-8885-4ABC-9AD8-029E435A4C26}"
EndProject
Global
	GlobalSection(SolutionConfigurationPlatforms) = preSolution
		Debug|Any CPU = Debug|Any CPU
		Release|Any CPU = Release|Any CPU
	EndGlobalSection
	GlobalSection(ProjectConfigurationPlatforms) = postSolution
		{058C6A62-8885-4ABC-9AD8-029E435A4C26}.Debug|Any CPU.ActiveCfg = Debug|Any CPU
		{058C6A62-8885-4ABC-9AD8-029E435A4C26}.Debug|Any CPU.Build.0 = Debug|Any CPU
		{058C6A62-8885-4ABC-9AD8-029E435A4C26}.Release|Any CPU.ActiveCfg = Release|Any CPU
		{058C6A62-8885-4ABC-9AD8-029E435A4C26}.Release|Any CPU.Build.0 = Release|Any CPU
	EndGlobalSection
	GlobalSection(SolutionProperties) = preSolution
		HideSolutionNode = FALSE
	EndGlobalSection
	GlobalSection(ExtensibilityGlobals) = postSolution
		SolutionGuid = {84A72B36-17EE-48F7-8E1F-46DEAA4194ED}
	EndGlobalSection
EndGlobal
