
Microsoft Visual Studio Solution File, Format Version 12.00
# Visual Studio Version 16
VisualStudioVersion = 16.0.31129.286
MinimumVisualStudioVersion = 10.0.40219.1
Project("{FAE04EC0-301F-11D3-BF4B-00C04F79EFBC}") = "Fibonacci", "Fibonacci.csproj", "{35629C04-C7E0-4BA7-B7F7-7D7A5926087B}"
EndProject
Global
	GlobalSection(SolutionConfigurationPlatforms) = preSolution
		Debug|Any CPU = Debug|Any CPU
		Release|Any CPU = Release|Any CPU
	EndGlobalSection
	GlobalSection(ProjectConfigurationPlatforms) = postSolution
		{35629C04-C7E0-4BA7-B7F7-7D7A5926087B}.Debug|Any CPU.ActiveCfg = Debug|Any CPU
		{35629C04-C7E0-4BA7-B7F7-7D7A5926087B}.Debug|Any CPU.Build.0 = Debug|Any CPU
		{35629C04-C7E0-4BA7-B7F7-7D7A5926087B}.Release|Any CPU.ActiveCfg = Release|Any CPU
		{35629C04-C7E0-4BA7-B7F7-7D7A5926087B}.Release|Any CPU.Build.0 = Release|Any CPU
	EndGlobalSection
	GlobalSection(SolutionProperties) = preSolution
		HideSolutionNode = FALSE
	EndGlobalSection
	GlobalSection(ExtensibilityGlobals) = postSolution
		SolutionGuid = {B9C83A91-06DA-4A2E-85A9-B698965F884E}
	EndGlobalSection
EndGlobal
