
Microsoft Visual Studio Solution File, Format Version 12.00
# Visual Studio Version 16
VisualStudioVersion = 16.0.31129.286
MinimumVisualStudioVersion = 10.0.40219.1
Project("{FAE04EC0-301F-11D3-BF4B-00C04F79EFBC}") = "SumofDiagonals", "SumofDiagonals.csproj", "{35A58919-4C58-46C4-B70E-1B0575C45838}"
EndProject
Global
	GlobalSection(SolutionConfigurationPlatforms) = preSolution
		Debug|Any CPU = Debug|Any CPU
		Release|Any CPU = Release|Any CPU
	EndGlobalSection
	GlobalSection(ProjectConfigurationPlatforms) = postSolution
		{35A58919-4C58-46C4-B70E-1B0575C45838}.Debug|Any CPU.ActiveCfg = Debug|Any CPU
		{35A58919-4C58-46C4-B70E-1B0575C45838}.Debug|Any CPU.Build.0 = Debug|Any CPU
		{35A58919-4C58-46C4-B70E-1B0575C45838}.Release|Any CPU.ActiveCfg = Release|Any CPU
		{35A58919-4C58-46C4-B70E-1B0575C45838}.Release|Any CPU.Build.0 = Release|Any CPU
	EndGlobalSection
	GlobalSection(SolutionProperties) = preSolution
		HideSolutionNode = FALSE
	EndGlobalSection
	GlobalSection(ExtensibilityGlobals) = postSolution
		SolutionGuid = {B8202CE4-93DD-4F85-91D0-E4E02385E37E}
	EndGlobalSection
EndGlobal
