
Microsoft Visual Studio Solution File, Format Version 12.00
# Visual Studio Version 16
VisualStudioVersion = 16.0.31129.286
MinimumVisualStudioVersion = 10.0.40219.1
Project("{FAE04EC0-301F-11D3-BF4B-00C04F79EFBC}") = "Armstrong", "Armstrong.csproj", "{FDEA24F2-3A4D-48CD-8425-80DB5C7B09F0}"
EndProject
Global
	GlobalSection(SolutionConfigurationPlatforms) = preSolution
		Debug|Any CPU = Debug|Any CPU
		Release|Any CPU = Release|Any CPU
	EndGlobalSection
	GlobalSection(ProjectConfigurationPlatforms) = postSolution
		{FDEA24F2-3A4D-48CD-8425-80DB5C7B09F0}.Debug|Any CPU.ActiveCfg = Debug|Any CPU
		{FDEA24F2-3A4D-48CD-8425-80DB5C7B09F0}.Debug|Any CPU.Build.0 = Debug|Any CPU
		{FDEA24F2-3A4D-48CD-8425-80DB5C7B09F0}.Release|Any CPU.ActiveCfg = Release|Any CPU
		{FDEA24F2-3A4D-48CD-8425-80DB5C7B09F0}.Release|Any CPU.Build.0 = Release|Any CPU
	EndGlobalSection
	GlobalSection(SolutionProperties) = preSolution
		HideSolutionNode = FALSE
	EndGlobalSection
	GlobalSection(ExtensibilityGlobals) = postSolution
		SolutionGuid = {D18136A3-8D56-4F58-A87F-6B15DBDF6C7E}
	EndGlobalSection
EndGlobal
